
Microsoft Visual Studio Solution File, Format Version 12.00
# Visual Studio 15
VisualStudioVersion = 15.0.26730.16
MinimumVisualStudioVersion = 10.0.40219.1
Project("{2150E333-8FDC-42A3-9474-1A3956D46DE8}") = "Engine", "Engine", "{FC6441CE-2871-4B18-825E-654F72BCA8AE}"
EndProject
Project("{2150E333-8FDC-42A3-9474-1A3956D46DE8}") = "Games", "Games", "{2258E547-4C5F-4266-B194-4DE2C4E86E63}"
EndProject
Project("{8BC9CEB8-8B4A-11D0-8D11-00A0C91BC942}") = "UE4", "Intermediate\ProjectFiles\UE4.vcxproj", "{D8224AF5-61E2-464B-8051-87929BB3B93D}"
EndProject
Project("{8BC9CEB8-8B4A-11D0-8D11-00A0C91BC942}") = "PhoenixEleven", "Intermediate\ProjectFiles\PhoenixEleven.vcxproj", "{4763D8D9-2459-4002-B057-637959EF5EB9}"
EndProject
Global
	GlobalSection(SolutionConfigurationPlatforms) = preSolution
		DebugGame Editor|HTML5 = DebugGame Editor|HTML5
		DebugGame Editor|Win32 = DebugGame Editor|Win32
		DebugGame Editor|Win64 = DebugGame Editor|Win64
		DebugGame|HTML5 = DebugGame|HTML5
		DebugGame|Win32 = DebugGame|Win32
		DebugGame|Win64 = DebugGame|Win64
		Development Editor|HTML5 = Development Editor|HTML5
		Development Editor|Win32 = Development Editor|Win32
		Development Editor|Win64 = Development Editor|Win64
		Development|HTML5 = Development|HTML5
		Development|Win32 = Development|Win32
		Development|Win64 = Development|Win64
		Shipping|HTML5 = Shipping|HTML5
		Shipping|Win32 = Shipping|Win32
		Shipping|Win64 = Shipping|Win64
	EndGlobalSection
	GlobalSection(ProjectConfigurationPlatforms) = postSolution
		{D8224AF5-61E2-464B-8051-87929BB3B93D}.DebugGame Editor|HTML5.ActiveCfg = BuiltWithUnrealBuildTool|Win32
		{D8224AF5-61E2-464B-8051-87929BB3B93D}.DebugGame Editor|HTML5.Build.0 = BuiltWithUnrealBuildTool|Win32
		{D8224AF5-61E2-464B-8051-87929BB3B93D}.DebugGame Editor|Win32.ActiveCfg = BuiltWithUnrealBuildTool|Win32
		{D8224AF5-61E2-464B-8051-87929BB3B93D}.DebugGame Editor|Win32.Build.0 = BuiltWithUnrealBuildTool|Win32
		{D8224AF5-61E2-464B-8051-87929BB3B93D}.DebugGame Editor|Win64.ActiveCfg = BuiltWithUnrealBuildTool|Win32
		{D8224AF5-61E2-464B-8051-87929BB3B93D}.DebugGame Editor|Win64.Build.0 = BuiltWithUnrealBuildTool|Win32
		{D8224AF5-61E2-464B-8051-87929BB3B93D}.DebugGame|HTML5.ActiveCfg = BuiltWithUnrealBuildTool|Win32
		{D8224AF5-61E2-464B-8051-87929BB3B93D}.DebugGame|HTML5.Build.0 = BuiltWithUnrealBuildTool|Win32
		{D8224AF5-61E2-464B-8051-87929BB3B93D}.DebugGame|Win32.ActiveCfg = BuiltWithUnrealBuildTool|Win32
		{D8224AF5-61E2-464B-8051-87929BB3B93D}.DebugGame|Win32.Build.0 = BuiltWithUnrealBuildTool|Win32
		{D8224AF5-61E2-464B-8051-87929BB3B93D}.DebugGame|Win64.ActiveCfg = BuiltWithUnrealBuildTool|Win32
		{D8224AF5-61E2-464B-8051-87929BB3B93D}.DebugGame|Win64.Build.0 = BuiltWithUnrealBuildTool|Win32
		{D8224AF5-61E2-464B-8051-87929BB3B93D}.Development Editor|HTML5.ActiveCfg = BuiltWithUnrealBuildTool|Win32
		{D8224AF5-61E2-464B-8051-87929BB3B93D}.Development Editor|HTML5.Build.0 = BuiltWithUnrealBuildTool|Win32
		{D8224AF5-61E2-464B-8051-87929BB3B93D}.Development Editor|Win32.ActiveCfg = BuiltWithUnrealBuildTool|Win32
		{D8224AF5-61E2-464B-8051-87929BB3B93D}.Development Editor|Win32.Build.0 = BuiltWithUnrealBuildTool|Win32
		{D8224AF5-61E2-464B-8051-87929BB3B93D}.Development Editor|Win64.ActiveCfg = BuiltWithUnrealBuildTool|Win32
		{D8224AF5-61E2-464B-8051-87929BB3B93D}.Development Editor|Win64.Build.0 = BuiltWithUnrealBuildTool|Win32
		{D8224AF5-61E2-464B-8051-87929BB3B93D}.Development|HTML5.ActiveCfg = BuiltWithUnrealBuildTool|Win32
		{D8224AF5-61E2-464B-8051-87929BB3B93D}.Development|HTML5.Build.0 = BuiltWithUnrealBuildTool|Win32
		{D8224AF5-61E2-464B-8051-87929BB3B93D}.Development|Win32.ActiveCfg = BuiltWithUnrealBuildTool|Win32
		{D8224AF5-61E2-464B-8051-87929BB3B93D}.Development|Win32.Build.0 = BuiltWithUnrealBuildTool|Win32
		{D8224AF5-61E2-464B-8051-87929BB3B93D}.Development|Win64.ActiveCfg = BuiltWithUnrealBuildTool|Win32
		{D8224AF5-61E2-464B-8051-87929BB3B93D}.Development|Win64.Build.0 = BuiltWithUnrealBuildTool|Win32
		{D8224AF5-61E2-464B-8051-87929BB3B93D}.Shipping|HTML5.ActiveCfg = BuiltWithUnrealBuildTool|Win32
		{D8224AF5-61E2-464B-8051-87929BB3B93D}.Shipping|HTML5.Build.0 = BuiltWithUnrealBuildTool|Win32
		{D8224AF5-61E2-464B-8051-87929BB3B93D}.Shipping|Win32.ActiveCfg = BuiltWithUnrealBuildTool|Win32
		{D8224AF5-61E2-464B-8051-87929BB3B93D}.Shipping|Win32.Build.0 = BuiltWithUnrealBuildTool|Win32
		{D8224AF5-61E2-464B-8051-87929BB3B93D}.Shipping|Win64.ActiveCfg = BuiltWithUnrealBuildTool|Win32
		{D8224AF5-61E2-464B-8051-87929BB3B93D}.Shipping|Win64.Build.0 = BuiltWithUnrealBuildTool|Win32
		{4763D8D9-2459-4002-B057-637959EF5EB9}.DebugGame Editor|HTML5.ActiveCfg = HTML5_DebugGame_Editor|Win32
		{4763D8D9-2459-4002-B057-637959EF5EB9}.DebugGame Editor|Win32.ActiveCfg = DebugGame_Editor|Win32
		{4763D8D9-2459-4002-B057-637959EF5EB9}.DebugGame Editor|Win64.ActiveCfg = DebugGame_Editor|x64
		{4763D8D9-2459-4002-B057-637959EF5EB9}.DebugGame Editor|Win64.Build.0 = DebugGame_Editor|x64
		{4763D8D9-2459-4002-B057-637959EF5EB9}.DebugGame|HTML5.ActiveCfg = HTML5_DebugGame_Game|Win32
		{4763D8D9-2459-4002-B057-637959EF5EB9}.DebugGame|HTML5.Build.0 = HTML5_DebugGame_Game|Win32
		{4763D8D9-2459-4002-B057-637959EF5EB9}.DebugGame|Win32.ActiveCfg = DebugGame_Game|Win32
		{4763D8D9-2459-4002-B057-637959EF5EB9}.DebugGame|Win32.Build.0 = DebugGame_Game|Win32
		{4763D8D9-2459-4002-B057-637959EF5EB9}.DebugGame|Win64.ActiveCfg = DebugGame_Game|x64
		{4763D8D9-2459-4002-B057-637959EF5EB9}.DebugGame|Win64.Build.0 = DebugGame_Game|x64
		{4763D8D9-2459-4002-B057-637959EF5EB9}.Development Editor|HTML5.ActiveCfg = HTML5_Development_Editor|Win32
		{4763D8D9-2459-4002-B057-637959EF5EB9}.Development Editor|Win32.ActiveCfg = Development_Editor|Win32
		{4763D8D9-2459-4002-B057-637959EF5EB9}.Development Editor|Win64.ActiveCfg = Development_Editor|x64
		{4763D8D9-2459-4002-B057-637959EF5EB9}.Development Editor|Win64.Build.0 = Development_Editor|x64
		{4763D8D9-2459-4002-B057-637959EF5EB9}.Development|HTML5.ActiveCfg = HTML5_Development_Game|Win32
		{4763D8D9-2459-4002-B057-637959EF5EB9}.Development|HTML5.Build.0 = HTML5_Development_Game|Win32
		{4763D8D9-2459-4002-B057-637959EF5EB9}.Development|Win32.ActiveCfg = Development_Game|Win32
		{4763D8D9-2459-4002-B057-637959EF5EB9}.Development|Win32.Build.0 = Development_Game|Win32
		{4763D8D9-2459-4002-B057-637959EF5EB9}.Development|Win64.ActiveCfg = Development_Game|x64
		{4763D8D9-2459-4002-B057-637959EF5EB9}.Development|Win64.Build.0 = Development_Game|x64
		{4763D8D9-2459-4002-B057-637959EF5EB9}.Shipping|HTML5.ActiveCfg = HTML5_Shipping_Game|Win32
		{4763D8D9-2459-4002-B057-637959EF5EB9}.Shipping|HTML5.Build.0 = HTML5_Shipping_Game|Win32
		{4763D8D9-2459-4002-B057-637959EF5EB9}.Shipping|Win32.ActiveCfg = Shipping_Game|Win32
		{4763D8D9-2459-4002-B057-637959EF5EB9}.Shipping|Win32.Build.0 = Shipping_Game|Win32
		{4763D8D9-2459-4002-B057-637959EF5EB9}.Shipping|Win64.ActiveCfg = Shipping_Game|x64
		{4763D8D9-2459-4002-B057-637959EF5EB9}.Shipping|Win64.Build.0 = Shipping_Game|x64
	EndGlobalSection
	GlobalSection(SolutionProperties) = preSolution
		HideSolutionNode = FALSE
	EndGlobalSection
	GlobalSection(NestedProjects) = preSolution
		{D8224AF5-61E2-464B-8051-87929BB3B93D} = {FC6441CE-2871-4B18-825E-654F72BCA8AE}
		{4763D8D9-2459-4002-B057-637959EF5EB9} = {2258E547-4C5F-4266-B194-4DE2C4E86E63}
	EndGlobalSection
	GlobalSection(ExtensibilityGlobals) = postSolution
		SolutionGuid = {B5092A59-3EE9-4E4C-B0DB-71018CAE0117}
	EndGlobalSection
EndGlobal
